
Microsoft Visual Studio Solution File, Format Version 12.00
# Visual Studio 14
VisualStudioVersion = 14.0.22310.1
MinimumVisualStudioVersion = 10.0.40219.1
Project("{2150E333-8FDC-42A3-9474-1A3956D46DE8}") = "Engine", "Engine", "{58321E75-8F08-4DA7-8BB0-E01CDB8EC0C0}"
EndProject
Project("{2150E333-8FDC-42A3-9474-1A3956D46DE8}") = "Games", "Games", "{AD4CE561-AE32-4B3C-8643-EB41F8DF4BF7}"
EndProject
Project("{8BC9CEB8-8B4A-11D0-8D11-00A0C91BC942}") = "UE4", "Intermediate\ProjectFiles\UE4.vcxproj", "{843FFDD2-CA4B-4204-81DC-D66798EAA62E}"
EndProject
Project("{8BC9CEB8-8B4A-11D0-8D11-00A0C91BC942}") = "Wizards", "Intermediate\ProjectFiles\Wizards.vcxproj", "{11700711-CB0C-4B4E-8960-677F4C5E1641}"
EndProject
Global
	GlobalSection(SolutionConfigurationPlatforms) = preSolution
		DebugGame Editor|HTML5 = DebugGame Editor|HTML5
		DebugGame Editor|Win32 = DebugGame Editor|Win32
		DebugGame Editor|Win64 = DebugGame Editor|Win64
		DebugGame|HTML5 = DebugGame|HTML5
		DebugGame|Win32 = DebugGame|Win32
		DebugGame|Win64 = DebugGame|Win64
		Development Editor|HTML5 = Development Editor|HTML5
		Development Editor|Win32 = Development Editor|Win32
		Development Editor|Win64 = Development Editor|Win64
		Development|HTML5 = Development|HTML5
		Development|Win32 = Development|Win32
		Development|Win64 = Development|Win64
		Shipping|HTML5 = Shipping|HTML5
		Shipping|Win32 = Shipping|Win32
		Shipping|Win64 = Shipping|Win64
	EndGlobalSection
	GlobalSection(ProjectConfigurationPlatforms) = postSolution
		{11700711-CB0C-4B4E-8960-677F4C5E1641}.DebugGame Editor|HTML5.ActiveCfg = HTML5_DebugGame_Editor|Win32
		{11700711-CB0C-4B4E-8960-677F4C5E1641}.DebugGame Editor|Win32.ActiveCfg = DebugGame_Editor|Win32
		{11700711-CB0C-4B4E-8960-677F4C5E1641}.DebugGame Editor|Win64.ActiveCfg = DebugGame_Editor|x64
		{11700711-CB0C-4B4E-8960-677F4C5E1641}.DebugGame Editor|Win64.Build.0 = DebugGame_Editor|x64
		{11700711-CB0C-4B4E-8960-677F4C5E1641}.DebugGame|HTML5.ActiveCfg = HTML5_DebugGame_Game|Win32
		{11700711-CB0C-4B4E-8960-677F4C5E1641}.DebugGame|HTML5.Build.0 = HTML5_DebugGame_Game|Win32
		{11700711-CB0C-4B4E-8960-677F4C5E1641}.DebugGame|Win32.ActiveCfg = DebugGame_Game|Win32
		{11700711-CB0C-4B4E-8960-677F4C5E1641}.DebugGame|Win32.Build.0 = DebugGame_Game|Win32
		{11700711-CB0C-4B4E-8960-677F4C5E1641}.DebugGame|Win64.ActiveCfg = DebugGame_Game|x64
		{11700711-CB0C-4B4E-8960-677F4C5E1641}.DebugGame|Win64.Build.0 = DebugGame_Game|x64
		{11700711-CB0C-4B4E-8960-677F4C5E1641}.Development Editor|HTML5.ActiveCfg = HTML5_Development_Editor|Win32
		{11700711-CB0C-4B4E-8960-677F4C5E1641}.Development Editor|Win32.ActiveCfg = Development_Editor|Win32
		{11700711-CB0C-4B4E-8960-677F4C5E1641}.Development Editor|Win64.ActiveCfg = Development_Editor|x64
		{11700711-CB0C-4B4E-8960-677F4C5E1641}.Development Editor|Win64.Build.0 = Development_Editor|x64
		{11700711-CB0C-4B4E-8960-677F4C5E1641}.Development|HTML5.ActiveCfg = HTML5_Development_Game|Win32
		{11700711-CB0C-4B4E-8960-677F4C5E1641}.Development|HTML5.Build.0 = HTML5_Development_Game|Win32
		{11700711-CB0C-4B4E-8960-677F4C5E1641}.Development|Win32.ActiveCfg = Development_Game|Win32
		{11700711-CB0C-4B4E-8960-677F4C5E1641}.Development|Win32.Build.0 = Development_Game|Win32
		{11700711-CB0C-4B4E-8960-677F4C5E1641}.Development|Win64.ActiveCfg = Development_Game|x64
		{11700711-CB0C-4B4E-8960-677F4C5E1641}.Development|Win64.Build.0 = Development_Game|x64
		{11700711-CB0C-4B4E-8960-677F4C5E1641}.Shipping|HTML5.ActiveCfg = HTML5_Shipping_Game|Win32
		{11700711-CB0C-4B4E-8960-677F4C5E1641}.Shipping|HTML5.Build.0 = HTML5_Shipping_Game|Win32
		{11700711-CB0C-4B4E-8960-677F4C5E1641}.Shipping|Win32.ActiveCfg = Shipping_Game|Win32
		{11700711-CB0C-4B4E-8960-677F4C5E1641}.Shipping|Win32.Build.0 = Shipping_Game|Win32
		{11700711-CB0C-4B4E-8960-677F4C5E1641}.Shipping|Win64.ActiveCfg = Shipping_Game|x64
		{11700711-CB0C-4B4E-8960-677F4C5E1641}.Shipping|Win64.Build.0 = Shipping_Game|x64
	EndGlobalSection
	GlobalSection(SolutionProperties) = preSolution
		HideSolutionNode = FALSE
	EndGlobalSection
	GlobalSection(NestedProjects) = preSolution
		{843FFDD2-CA4B-4204-81DC-D66798EAA62E} = {58321E75-8F08-4DA7-8BB0-E01CDB8EC0C0}
		{11700711-CB0C-4B4E-8960-677F4C5E1641} = {AD4CE561-AE32-4B3C-8643-EB41F8DF4BF7}
	EndGlobalSection
EndGlobal
